
Microsoft Visual Studio Solution File, Format Version 12.00
# Visual Studio Version 16
VisualStudioVersion = 16.0.31410.357
MinimumVisualStudioVersion = 10.0.40219.1
Project("{2150E333-8FDC-42A3-9474-1A3956D46DE8}") = "FrontEnd", "FrontEnd", "{318D4EB4-AA27-4906-B1E8-658594C665BA}"
EndProject
Project("{9A19103F-16F7-4668-BE54-9A1E7A4F7556}") = "Mango.Web", "Mango.Web\Mango.Web.csproj", "{7C85A191-DD19-41E4-B0D8-F257E624A833}"
EndProject
Project("{2150E333-8FDC-42A3-9474-1A3956D46DE8}") = "Services", "Services", "{DAEFF0EB-BB16-4D86-BABD-14B5F8CB7E9B}"
EndProject
Project("{9A19103F-16F7-4668-BE54-9A1E7A4F7556}") = "Mango.Services.ProductAPI", "Mango.Services.ProductAPI\Mango.Services.ProductAPI.csproj", "{337D0115-A5D7-4BC9-BD4A-DE3D4F61214B}"
EndProject
Project("{9A19103F-16F7-4668-BE54-9A1E7A4F7556}") = "Mango.Serivces.Identity", "Mango.Serivces.Identity\Mango.Serivces.Identity.csproj", "{291399AB-83BA-4F4F-A1DF-3A51BC159129}"
EndProject
Project("{9A19103F-16F7-4668-BE54-9A1E7A4F7556}") = "Mango.Services.ShoppingCartAPI", "Mango.Services.ShoppingCart\Mango.Services.ShoppingCartAPI.csproj", "{C501E3EC-108C-4C52-BD28-68461D3991CE}"
EndProject
Global
	GlobalSection(SolutionConfigurationPlatforms) = preSolution
		Debug|Any CPU = Debug|Any CPU
		Release|Any CPU = Release|Any CPU
	EndGlobalSection
	GlobalSection(ProjectConfigurationPlatforms) = postSolution
		{7C85A191-DD19-41E4-B0D8-F257E624A833}.Debug|Any CPU.ActiveCfg = Debug|Any CPU
		{7C85A191-DD19-41E4-B0D8-F257E624A833}.Debug|Any CPU.Build.0 = Debug|Any CPU
		{7C85A191-DD19-41E4-B0D8-F257E624A833}.Release|Any CPU.ActiveCfg = Release|Any CPU
		{7C85A191-DD19-41E4-B0D8-F257E624A833}.Release|Any CPU.Build.0 = Release|Any CPU
		{337D0115-A5D7-4BC9-BD4A-DE3D4F61214B}.Debug|Any CPU.ActiveCfg = Debug|Any CPU
		{337D0115-A5D7-4BC9-BD4A-DE3D4F61214B}.Debug|Any CPU.Build.0 = Debug|Any CPU
		{337D0115-A5D7-4BC9-BD4A-DE3D4F61214B}.Release|Any CPU.ActiveCfg = Release|Any CPU
		{337D0115-A5D7-4BC9-BD4A-DE3D4F61214B}.Release|Any CPU.Build.0 = Release|Any CPU
		{291399AB-83BA-4F4F-A1DF-3A51BC159129}.Debug|Any CPU.ActiveCfg = Debug|Any CPU
		{291399AB-83BA-4F4F-A1DF-3A51BC159129}.Debug|Any CPU.Build.0 = Debug|Any CPU
		{291399AB-83BA-4F4F-A1DF-3A51BC159129}.Release|Any CPU.ActiveCfg = Release|Any CPU
		{291399AB-83BA-4F4F-A1DF-3A51BC159129}.Release|Any CPU.Build.0 = Release|Any CPU
		{C501E3EC-108C-4C52-BD28-68461D3991CE}.Debug|Any CPU.ActiveCfg = Debug|Any CPU
		{C501E3EC-108C-4C52-BD28-68461D3991CE}.Debug|Any CPU.Build.0 = Debug|Any CPU
		{C501E3EC-108C-4C52-BD28-68461D3991CE}.Release|Any CPU.ActiveCfg = Release|Any CPU
		{C501E3EC-108C-4C52-BD28-68461D3991CE}.Release|Any CPU.Build.0 = Release|Any CPU
	EndGlobalSection
	GlobalSection(SolutionProperties) = preSolution
		HideSolutionNode = FALSE
	EndGlobalSection
	GlobalSection(NestedProjects) = preSolution
		{7C85A191-DD19-41E4-B0D8-F257E624A833} = {318D4EB4-AA27-4906-B1E8-658594C665BA}
		{337D0115-A5D7-4BC9-BD4A-DE3D4F61214B} = {DAEFF0EB-BB16-4D86-BABD-14B5F8CB7E9B}
		{291399AB-83BA-4F4F-A1DF-3A51BC159129} = {DAEFF0EB-BB16-4D86-BABD-14B5F8CB7E9B}
		{C501E3EC-108C-4C52-BD28-68461D3991CE} = {DAEFF0EB-BB16-4D86-BABD-14B5F8CB7E9B}
	EndGlobalSection
	GlobalSection(ExtensibilityGlobals) = postSolution
		SolutionGuid = {12B2FD37-73AD-49BD-8D90-1147E20C79AE}
	EndGlobalSection
EndGlobal
